{
  "name": "eip-search-dialog",
  "version": "0.0.1",
  "lockfileVersion": 1,
  "requires": true,
  "dependencies": {
    "@material/animation": {
      "version": "9.0.0-canary.1c156d69d.0",
      "resolved": "https://registry.npmjs.org/@material/animation/-/animation-9.0.0-canary.1c156d69d.0.tgz",
      "integrity": "sha512-m3eUpFRwxcP1tEWJlIH5q77YGSYEe5ITRw5OtyDvxU7ZzF0xKJbBeauQEdCmyig9UvK+J7jUUnCgkT/t/ldLtw==",
      "requires": {
        "tslib": "^1.9.3"
      },
      "dependencies": {
        "tslib": {
          "version": "1.14.1",
          "resolved": "https://registry.npmjs.org/tslib/-/tslib-1.14.1.tgz",
          "integrity": "sha512-Xni35NKzjgMrwevysHTCArtLDpPvye8zV/0E4EyYn43P7/7qvQwPh9BGkHewbMulVntbigmcT7rdX3BNo9wRJg=="
        }
      }
    },
    "@material/base": {
      "version": "9.0.0-canary.1c156d69d.0",
      "resolved": "https://registry.npmjs.org/@material/base/-/base-9.0.0-canary.1c156d69d.0.tgz",
      "integrity": "sha512-r98qY6EsPx6BlzT0Pj+H+BTI7r76GEX/zZPgajxZjbPAJSeeK+uCh69Dmhf63meLKaFkKgvLwH5udKJLMqqjpQ==",
      "requires": {
        "tslib": "^1.9.3"
      },
      "dependencies": {
        "tslib": {
          "version": "1.14.1",
          "resolved": "https://registry.npmjs.org/tslib/-/tslib-1.14.1.tgz",
          "integrity": "sha512-Xni35NKzjgMrwevysHTCArtLDpPvye8zV/0E4EyYn43P7/7qvQwPh9BGkHewbMulVntbigmcT7rdX3BNo9wRJg=="
        }
      }
    },
    "@material/button": {
      "version": "9.0.0-canary.1c156d69d.0",
      "resolved": "https://registry.npmjs.org/@material/button/-/button-9.0.0-canary.1c156d69d.0.tgz",
      "integrity": "sha512-ZjBDrGy2kKPmlIYaL99/C1D0t+MCIkP3Pcj9Y1RxxYdayvP+o8evkBUz5IRtg5NpW4o1X89x8RfF/JmLJZrdYw==",
      "requires": {
        "@material/density": "9.0.0-canary.1c156d69d.0",
        "@material/elevation": "9.0.0-canary.1c156d69d.0",
        "@material/feature-targeting": "9.0.0-canary.1c156d69d.0",
        "@material/ripple": "9.0.0-canary.1c156d69d.0",
        "@material/rtl": "9.0.0-canary.1c156d69d.0",
        "@material/shape": "9.0.0-canary.1c156d69d.0",
        "@material/theme": "9.0.0-canary.1c156d69d.0",
        "@material/touch-target": "9.0.0-canary.1c156d69d.0",
        "@material/typography": "9.0.0-canary.1c156d69d.0"
      }
    },
    "@material/circular-progress": {
      "version": "9.0.0-canary.1c156d69d.0",
      "resolved": "https://registry.npmjs.org/@material/circular-progress/-/circular-progress-9.0.0-canary.1c156d69d.0.tgz",
      "integrity": "sha512-DCYOF9ssHb+psiKA98GZFztYFr48dvEhvS8w0Lu/hx+7G4qlG6KJzFZv1mBuiF0pdJCT1tjEDjOcj6t3nU9SRA==",
      "requires": {
        "@material/animation": "9.0.0-canary.1c156d69d.0",
        "@material/base": "9.0.0-canary.1c156d69d.0",
        "@material/feature-targeting": "9.0.0-canary.1c156d69d.0",
        "@material/progress-indicator": "9.0.0-canary.1c156d69d.0",
        "@material/theme": "9.0.0-canary.1c156d69d.0",
        "tslib": "^1.9.3"
      },
      "dependencies": {
        "tslib": {
          "version": "1.14.1",
          "resolved": "https://registry.npmjs.org/tslib/-/tslib-1.14.1.tgz",
          "integrity": "sha512-Xni35NKzjgMrwevysHTCArtLDpPvye8zV/0E4EyYn43P7/7qvQwPh9BGkHewbMulVntbigmcT7rdX3BNo9wRJg=="
        }
      }
    },
    "@material/density": {
      "version": "9.0.0-canary.1c156d69d.0",
      "resolved": "https://registry.npmjs.org/@material/density/-/density-9.0.0-canary.1c156d69d.0.tgz",
      "integrity": "sha512-Y87bUpTsXNDOi1q5NVRBxIyTUAFda1PP1Z9HOvgpV19n7/F6YLrttLGcOFSRFfx9btUKf4EddctBzwzBrF71TQ=="
    },
    "@material/dialog": {
      "version": "9.0.0-canary.1c156d69d.0",
      "resolved": "https://registry.npmjs.org/@material/dialog/-/dialog-9.0.0-canary.1c156d69d.0.tgz",
      "integrity": "sha512-JadtYwhCPrvZce/0j+kUuSq5+QaXAbZ1yx2FPT01K6/mzEgM0eDuU7ta7IlGGoJXFzmQI8jy7WsTSuW+IBNC8A==",
      "requires": {
        "@material/animation": "9.0.0-canary.1c156d69d.0",
        "@material/base": "9.0.0-canary.1c156d69d.0",
        "@material/button": "9.0.0-canary.1c156d69d.0",
        "@material/dom": "9.0.0-canary.1c156d69d.0",
        "@material/elevation": "9.0.0-canary.1c156d69d.0",
        "@material/feature-targeting": "9.0.0-canary.1c156d69d.0",
        "@material/ripple": "9.0.0-canary.1c156d69d.0",
        "@material/rtl": "9.0.0-canary.1c156d69d.0",
        "@material/shape": "9.0.0-canary.1c156d69d.0",
        "@material/theme": "9.0.0-canary.1c156d69d.0",
        "@material/touch-target": "9.0.0-canary.1c156d69d.0",
        "@material/typography": "9.0.0-canary.1c156d69d.0",
        "tslib": "^1.9.3"
      },
      "dependencies": {
        "tslib": {
          "version": "1.14.1",
          "resolved": "https://registry.npmjs.org/tslib/-/tslib-1.14.1.tgz",
          "integrity": "sha512-Xni35NKzjgMrwevysHTCArtLDpPvye8zV/0E4EyYn43P7/7qvQwPh9BGkHewbMulVntbigmcT7rdX3BNo9wRJg=="
        }
      }
    },
    "@material/dom": {
      "version": "9.0.0-canary.1c156d69d.0",
      "resolved": "https://registry.npmjs.org/@material/dom/-/dom-9.0.0-canary.1c156d69d.0.tgz",
      "integrity": "sha512-AwiQDzquolB7rqy8k4+QMVQ8Njb6k0CT+otJ/UNJbj0qNVXZB4njVaWRWrWCt70hYp1rG0cRNkZ01ZJDqABUFw==",
      "requires": {
        "@material/feature-targeting": "9.0.0-canary.1c156d69d.0",
        "tslib": "^1.9.3"
      },
      "dependencies": {
        "tslib": {
          "version": "1.14.1",
          "resolved": "https://registry.npmjs.org/tslib/-/tslib-1.14.1.tgz",
          "integrity": "sha512-Xni35NKzjgMrwevysHTCArtLDpPvye8zV/0E4EyYn43P7/7qvQwPh9BGkHewbMulVntbigmcT7rdX3BNo9wRJg=="
        }
      }
    },
    "@material/elevation": {
      "version": "9.0.0-canary.1c156d69d.0",
      "resolved": "https://registry.npmjs.org/@material/elevation/-/elevation-9.0.0-canary.1c156d69d.0.tgz",
      "integrity": "sha512-ojX0+nRNkfJssFA/EXhwglDwW48xll1OPCVy8jJrRfvIasRHiIJBeRdnlU5BL4qxDJHaEoOfEMmVQP/Aj504Qw==",
      "requires": {
        "@material/animation": "9.0.0-canary.1c156d69d.0",
        "@material/base": "9.0.0-canary.1c156d69d.0",
        "@material/feature-targeting": "9.0.0-canary.1c156d69d.0",
        "@material/theme": "9.0.0-canary.1c156d69d.0"
      }
    },
    "@material/feature-targeting": {
      "version": "9.0.0-canary.1c156d69d.0",
      "resolved": "https://registry.npmjs.org/@material/feature-targeting/-/feature-targeting-9.0.0-canary.1c156d69d.0.tgz",
      "integrity": "sha512-HWd0+GMnkVB3anmUc9+MeWCNoogAbb4U7ihzwq7lzLCQyC+i/kunppkUVV7DhL3ZVl1O6zIw1eAT+dgQpN8x4Q=="
    },
    "@material/floating-label": {
      "version": "9.0.0-canary.1c156d69d.0",
      "resolved": "https://registry.npmjs.org/@material/floating-label/-/floating-label-9.0.0-canary.1c156d69d.0.tgz",
      "integrity": "sha512-Brws2RwJsQkWo1Pa4WmW9Y3HFk/LAkSjrDnQl1BQCwRr1cYW2fVzFvFxvmN4XTO/k/wBuLhqGTBmyWyJJMpZ6w==",
      "requires": {
        "@material/animation": "9.0.0-canary.1c156d69d.0",
        "@material/base": "9.0.0-canary.1c156d69d.0",
        "@material/dom": "9.0.0-canary.1c156d69d.0",
        "@material/feature-targeting": "9.0.0-canary.1c156d69d.0",
        "@material/rtl": "9.0.0-canary.1c156d69d.0",
        "@material/theme": "9.0.0-canary.1c156d69d.0",
        "@material/typography": "9.0.0-canary.1c156d69d.0",
        "tslib": "^1.9.3"
      },
      "dependencies": {
        "tslib": {
          "version": "1.14.1",
          "resolved": "https://registry.npmjs.org/tslib/-/tslib-1.14.1.tgz",
          "integrity": "sha512-Xni35NKzjgMrwevysHTCArtLDpPvye8zV/0E4EyYn43P7/7qvQwPh9BGkHewbMulVntbigmcT7rdX3BNo9wRJg=="
        }
      }
    },
    "@material/form-field": {
      "version": "9.0.0-canary.1c156d69d.0",
      "resolved": "https://registry.npmjs.org/@material/form-field/-/form-field-9.0.0-canary.1c156d69d.0.tgz",
      "integrity": "sha512-v1KWGRj4Qf9SESLswtlrdm/B6TmNkQsh5CZSM2xL2ZXe/k/KNgbLgM4ofHJApwW3QWYVBfA8nT/MlIvJJivd9w==",
      "requires": {
        "@material/base": "9.0.0-canary.1c156d69d.0",
        "@material/feature-targeting": "9.0.0-canary.1c156d69d.0",
        "@material/ripple": "9.0.0-canary.1c156d69d.0",
        "@material/rtl": "9.0.0-canary.1c156d69d.0",
        "@material/theme": "9.0.0-canary.1c156d69d.0",
        "@material/typography": "9.0.0-canary.1c156d69d.0",
        "tslib": "^1.9.3"
      },
      "dependencies": {
        "tslib": {
          "version": "1.14.1",
          "resolved": "https://registry.npmjs.org/tslib/-/tslib-1.14.1.tgz",
          "integrity": "sha512-Xni35NKzjgMrwevysHTCArtLDpPvye8zV/0E4EyYn43P7/7qvQwPh9BGkHewbMulVntbigmcT7rdX3BNo9wRJg=="
        }
      }
    },
    "@material/line-ripple": {
      "version": "9.0.0-canary.1c156d69d.0",
      "resolved": "https://registry.npmjs.org/@material/line-ripple/-/line-ripple-9.0.0-canary.1c156d69d.0.tgz",
      "integrity": "sha512-TmfT5/qzyp/NQrT1shlg7yynhMYJVmkFv0r38aZ80O0fIKo4mEqtcSVQZGXr8acBRCdWgItrRikv5U7TB6uNTg==",
      "requires": {
        "@material/animation": "9.0.0-canary.1c156d69d.0",
        "@material/base": "9.0.0-canary.1c156d69d.0",
        "@material/feature-targeting": "9.0.0-canary.1c156d69d.0",
        "@material/theme": "9.0.0-canary.1c156d69d.0",
        "tslib": "^1.9.3"
      },
      "dependencies": {
        "tslib": {
          "version": "1.14.1",
          "resolved": "https://registry.npmjs.org/tslib/-/tslib-1.14.1.tgz",
          "integrity": "sha512-Xni35NKzjgMrwevysHTCArtLDpPvye8zV/0E4EyYn43P7/7qvQwPh9BGkHewbMulVntbigmcT7rdX3BNo9wRJg=="
        }
      }
    },
    "@material/list": {
      "version": "9.0.0-canary.1c156d69d.0",
      "resolved": "https://registry.npmjs.org/@material/list/-/list-9.0.0-canary.1c156d69d.0.tgz",
      "integrity": "sha512-cn9zTm38RgriNudHnQAlEyLJOIfE11rTYl5mnBMkLaGz1gRLH+QVN8Q8FBpMwagS0cU0CkMTwrADJaUlmJeuVQ==",
      "requires": {
        "@material/base": "9.0.0-canary.1c156d69d.0",
        "@material/density": "9.0.0-canary.1c156d69d.0",
        "@material/dom": "9.0.0-canary.1c156d69d.0",
        "@material/feature-targeting": "9.0.0-canary.1c156d69d.0",
        "@material/ripple": "9.0.0-canary.1c156d69d.0",
        "@material/rtl": "9.0.0-canary.1c156d69d.0",
        "@material/shape": "9.0.0-canary.1c156d69d.0",
        "@material/theme": "9.0.0-canary.1c156d69d.0",
        "@material/typography": "9.0.0-canary.1c156d69d.0",
        "tslib": "^1.9.3"
      },
      "dependencies": {
        "tslib": {
          "version": "1.14.1",
          "resolved": "https://registry.npmjs.org/tslib/-/tslib-1.14.1.tgz",
          "integrity": "sha512-Xni35NKzjgMrwevysHTCArtLDpPvye8zV/0E4EyYn43P7/7qvQwPh9BGkHewbMulVntbigmcT7rdX3BNo9wRJg=="
        }
      }
    },
    "@material/menu": {
      "version": "9.0.0-canary.1c156d69d.0",
      "resolved": "https://registry.npmjs.org/@material/menu/-/menu-9.0.0-canary.1c156d69d.0.tgz",
      "integrity": "sha512-opUKKT40E3aDY9wMUIKQtUoxB2gD6Ry633vb2sOHHkf7YA7Ad/F8HnByhLqeq7tB2Gg1N0PKfSGOk/OMjJ1l9w==",
      "requires": {
        "@material/base": "9.0.0-canary.1c156d69d.0",
        "@material/dom": "9.0.0-canary.1c156d69d.0",
        "@material/elevation": "9.0.0-canary.1c156d69d.0",
        "@material/feature-targeting": "9.0.0-canary.1c156d69d.0",
        "@material/list": "9.0.0-canary.1c156d69d.0",
        "@material/menu-surface": "9.0.0-canary.1c156d69d.0",
        "@material/ripple": "9.0.0-canary.1c156d69d.0",
        "@material/rtl": "9.0.0-canary.1c156d69d.0",
        "@material/theme": "9.0.0-canary.1c156d69d.0",
        "tslib": "^1.9.3"
      },
      "dependencies": {
        "tslib": {
          "version": "1.14.1",
          "resolved": "https://registry.npmjs.org/tslib/-/tslib-1.14.1.tgz",
          "integrity": "sha512-Xni35NKzjgMrwevysHTCArtLDpPvye8zV/0E4EyYn43P7/7qvQwPh9BGkHewbMulVntbigmcT7rdX3BNo9wRJg=="
        }
      }
    },
    "@material/menu-surface": {
      "version": "9.0.0-canary.1c156d69d.0",
      "resolved": "https://registry.npmjs.org/@material/menu-surface/-/menu-surface-9.0.0-canary.1c156d69d.0.tgz",
      "integrity": "sha512-/ePz8oZm+XLsGypnXJ1ATK4Vtei4KgHh9MFJHhOvmAbd6gPX6I8LnWlUA3cQ2/AX0bDeLNM7mXUkJ1d2flHdNQ==",
      "requires": {
        "@material/animation": "9.0.0-canary.1c156d69d.0",
        "@material/base": "9.0.0-canary.1c156d69d.0",
        "@material/elevation": "9.0.0-canary.1c156d69d.0",
        "@material/feature-targeting": "9.0.0-canary.1c156d69d.0",
        "@material/rtl": "9.0.0-canary.1c156d69d.0",
        "@material/shape": "9.0.0-canary.1c156d69d.0",
        "@material/theme": "9.0.0-canary.1c156d69d.0",
        "tslib": "^1.9.3"
      },
      "dependencies": {
        "tslib": {
          "version": "1.14.1",
          "resolved": "https://registry.npmjs.org/tslib/-/tslib-1.14.1.tgz",
          "integrity": "sha512-Xni35NKzjgMrwevysHTCArtLDpPvye8zV/0E4EyYn43P7/7qvQwPh9BGkHewbMulVntbigmcT7rdX3BNo9wRJg=="
        }
      }
    },
    "@material/mwc-base": {
      "version": "0.20.0",
      "resolved": "https://registry.npmjs.org/@material/mwc-base/-/mwc-base-0.20.0.tgz",
      "integrity": "sha512-q35jN1TGBts3LzKk2RVtgBpLDfBfRrx2hJ4GEVAeJsEGiO5CZrCD0bPlZSRTammzQBbDAh7szvhMiWo0TkRaWw==",
      "requires": {
        "@material/base": "=9.0.0-canary.1c156d69d.0",
        "@material/dom": "=9.0.0-canary.1c156d69d.0",
        "lit-element": "^2.3.0",
        "tslib": "^2.0.1"
      }
    },
    "@material/mwc-button": {
      "version": "0.20.0",
      "resolved": "https://registry.npmjs.org/@material/mwc-button/-/mwc-button-0.20.0.tgz",
      "integrity": "sha512-kqQpeuLfaqfH4PZbENT9rwx1sgeFPLHuKy5M31ZeKG1deRTxw11FDGeMxSkePfm1QFfY6DNTsIAG5qC56tUNlw==",
      "requires": {
        "@material/mwc-icon": "^0.20.0",
        "@material/mwc-ripple": "^0.20.0",
        "lit-element": "^2.3.0",
        "lit-html": "^1.1.2",
        "tslib": "^2.0.1"
      }
    },
    "@material/mwc-checkbox": {
      "version": "0.20.0",
      "resolved": "https://registry.npmjs.org/@material/mwc-checkbox/-/mwc-checkbox-0.20.0.tgz",
      "integrity": "sha512-e7qRFpoTZPeBTU05M/FvGnAalY9fJXtzTIfFXWevpm5xm21zr+5lw4QqJOzN8l8Sj8CwciTZ86GMfKGViBbyuw==",
      "requires": {
        "@material/mwc-base": "^0.20.0",
        "@material/mwc-ripple": "^0.20.0",
        "lit-element": "^2.3.0",
        "lit-html": "^1.1.2",
        "tslib": "^2.0.1"
      }
    },
    "@material/mwc-circular-progress": {
      "version": "0.20.0",
      "resolved": "https://registry.npmjs.org/@material/mwc-circular-progress/-/mwc-circular-progress-0.20.0.tgz",
      "integrity": "sha512-6GyI97rZOGajjFB9L8R+44myv3YMo3zEHrlco5j1WnMPIPNHUcYww8EJgtkcl1E/q04Xpwvt6fFPv9X4vmLBnQ==",
      "requires": {
        "@material/circular-progress": "=9.0.0-canary.1c156d69d.0",
        "@material/mwc-base": "^0.20.0",
        "@material/theme": "=9.0.0-canary.1c156d69d.0",
        "lit-element": "^2.3.0",
        "lit-html": "^1.1.2",
        "tslib": "^2.0.1"
      }
    },
    "@material/mwc-dialog": {
      "version": "0.20.0",
      "resolved": "https://registry.npmjs.org/@material/mwc-dialog/-/mwc-dialog-0.20.0.tgz",
      "integrity": "sha512-7VG8M0p2xaqs+gFDQLNQiVSKJNe+j8jemYX94wxRMZaMRryX09uPrOkn1CGUAuAy0fivxVLhlFG6KINbGR/Avg==",
      "requires": {
        "@material/dialog": "=9.0.0-canary.1c156d69d.0",
        "@material/dom": "=9.0.0-canary.1c156d69d.0",
        "@material/mwc-base": "^0.20.0",
        "@material/mwc-button": "^0.20.0",
        "blocking-elements": "^0.1.0",
        "lit-element": "^2.3.0",
        "lit-html": "^1.1.2",
        "tslib": "^2.0.1",
        "wicg-inert": "^3.0.0"
      }
    },
    "@material/mwc-floating-label": {
      "version": "0.20.0",
      "resolved": "https://registry.npmjs.org/@material/mwc-floating-label/-/mwc-floating-label-0.20.0.tgz",
      "integrity": "sha512-WRl/oIkP6A5mqWu9ykWQZsIXxCGJ+JXr/Ooou8F8kJADWVGYf5DNFXKd6gXq+dxXfDbC6AZHPbp7/WH/vuQVrg==",
      "requires": {
        "@material/floating-label": "=9.0.0-canary.1c156d69d.0",
        "lit-html": "^1.1.2",
        "tslib": "^2.0.1"
      }
    },
    "@material/mwc-formfield": {
      "version": "0.20.0",
      "resolved": "https://registry.npmjs.org/@material/mwc-formfield/-/mwc-formfield-0.20.0.tgz",
      "integrity": "sha512-Rrk2ah5gNHD4O/yYWdwHvH3kGddaZXbdiZPCTpYDlTHG63CMUsAENJy8Fu8ZCC23nxbWfBeejtbB/Da+0VZWig==",
      "requires": {
        "@material/form-field": "=9.0.0-canary.1c156d69d.0",
        "@material/mwc-base": "^0.20.0",
        "lit-element": "^2.3.0",
        "lit-html": "^1.1.2",
        "tslib": "^2.0.1"
      }
    },
    "@material/mwc-icon": {
      "version": "0.20.0",
      "resolved": "https://registry.npmjs.org/@material/mwc-icon/-/mwc-icon-0.20.0.tgz",
      "integrity": "sha512-YCtzWbJVSZGcvWKVHwIhwfGMLEqAmRSVGcXTCAH/rOzGU7RkOxQkfNDkLAuTRAX9a7HYQStIJ39ENVcysElljg==",
      "requires": {
        "lit-element": "^2.3.0",
        "tslib": "^2.0.1"
      }
    },
    "@material/mwc-line-ripple": {
      "version": "0.20.0",
      "resolved": "https://registry.npmjs.org/@material/mwc-line-ripple/-/mwc-line-ripple-0.20.0.tgz",
      "integrity": "sha512-apA8dQ1wDbo+LOJa47dG/wMJS4iyG56bTTHMRDI4lLgd4czbEKllIgmkWBZeleqMjzzwXNfWKo/5354Ne+rbqQ==",
      "requires": {
        "@material/line-ripple": "=9.0.0-canary.1c156d69d.0",
        "lit-html": "^1.1.2",
        "tslib": "^2.0.1"
      }
    },
    "@material/mwc-list": {
      "version": "0.20.0",
      "resolved": "https://registry.npmjs.org/@material/mwc-list/-/mwc-list-0.20.0.tgz",
      "integrity": "sha512-RLHn4k6oH2jsSorALbQJ3Ak0BwTyaTeKpXgjI65dHuMRhQaQUaMapJzfh5ghKPhjg1R5D+2r5wktjciFoZ9KVw==",
      "requires": {
        "@material/base": "=9.0.0-canary.1c156d69d.0",
        "@material/dom": "=9.0.0-canary.1c156d69d.0",
        "@material/list": "=9.0.0-canary.1c156d69d.0",
        "@material/mwc-base": "^0.20.0",
        "@material/mwc-checkbox": "^0.20.0",
        "@material/mwc-radio": "^0.20.0",
        "@material/mwc-ripple": "^0.20.0",
        "lit-element": "^2.3.0",
        "lit-html": "^1.1.2",
        "tslib": "^2.0.1"
      }
    },
    "@material/mwc-menu": {
      "version": "0.20.0",
      "resolved": "https://registry.npmjs.org/@material/mwc-menu/-/mwc-menu-0.20.0.tgz",
      "integrity": "sha512-slSY3LORaP8MniXoNvvulvptQ3Ohjit13xiFWVWRr63H3YxnNdBqWW6BICASNJWNV/5y8UM1CE2Xw99UEnG9JQ==",
      "requires": {
        "@material/menu": "=9.0.0-canary.1c156d69d.0",
        "@material/menu-surface": "=9.0.0-canary.1c156d69d.0",
        "@material/mwc-base": "^0.20.0",
        "@material/mwc-list": "^0.20.0",
        "@material/shape": "=9.0.0-canary.1c156d69d.0",
        "@material/theme": "=9.0.0-canary.1c156d69d.0",
        "lit-element": "^2.3.0",
        "lit-html": "^1.1.2",
        "tslib": "^2.0.1"
      }
    },
    "@material/mwc-notched-outline": {
      "version": "0.20.0",
      "resolved": "https://registry.npmjs.org/@material/mwc-notched-outline/-/mwc-notched-outline-0.20.0.tgz",
      "integrity": "sha512-7gU0wEYSFNA8Cms5VU1rEEJ75rwSR0EJmlW6YC1f/0kIA/d3U4V5okntIwCquH6U6oi6WNbmfHusoS6wQ6I37w==",
      "requires": {
        "@material/mwc-base": "^0.20.0",
        "@material/notched-outline": "=9.0.0-canary.1c156d69d.0",
        "lit-element": "^2.3.0",
        "lit-html": "^1.1.2",
        "tslib": "^2.0.1"
      }
    },
    "@material/mwc-radio": {
      "version": "0.20.0",
      "resolved": "https://registry.npmjs.org/@material/mwc-radio/-/mwc-radio-0.20.0.tgz",
      "integrity": "sha512-aVsok8EZJQFHn5VW9iP4gxO1wY5XeNnANdP82GhHZfIcxp1AQDORuUSy6Qoj2YBmCFCnG4BGAac1zs4OXRPRqA==",
      "requires": {
        "@material/mwc-base": "^0.20.0",
        "@material/mwc-ripple": "^0.20.0",
        "@material/radio": "=9.0.0-canary.1c156d69d.0",
        "lit-element": "^2.3.0",
        "tslib": "^2.0.1"
      }
    },
    "@material/mwc-ripple": {
      "version": "0.20.0",
      "resolved": "https://registry.npmjs.org/@material/mwc-ripple/-/mwc-ripple-0.20.0.tgz",
      "integrity": "sha512-4rlIu+Kk//NsW/u3CnU1kz3dsvwEozax0Zf2CUp+ao0ozclHfQ2+sTZVY0Mr8+GJLn7Oz51gT5OHoarZuWWljA==",
      "requires": {
        "@material/dom": "=9.0.0-canary.1c156d69d.0",
        "@material/mwc-base": "^0.20.0",
        "@material/ripple": "=9.0.0-canary.1c156d69d.0",
        "lit-element": "^2.3.0",
        "lit-html": "^1.1.2",
        "tslib": "^2.0.1"
      }
    },
    "@material/mwc-textfield": {
      "version": "0.20.0",
      "resolved": "https://registry.npmjs.org/@material/mwc-textfield/-/mwc-textfield-0.20.0.tgz",
      "integrity": "sha512-VFy53M6En0REG+jY+E0dpi9PKSF25KwMIXt0OoCdHPLtWhZkCarpwbdkywbvV9GjyAllweVRhtdpLmZgivOV9g==",
      "requires": {
        "@material/floating-label": "=9.0.0-canary.1c156d69d.0",
        "@material/line-ripple": "=9.0.0-canary.1c156d69d.0",
        "@material/mwc-base": "^0.20.0",
        "@material/mwc-floating-label": "^0.20.0",
        "@material/mwc-line-ripple": "^0.20.0",
        "@material/mwc-notched-outline": "^0.20.0",
        "@material/textfield": "=9.0.0-canary.1c156d69d.0",
        "lit-element": "^2.3.0",
        "lit-html": "^1.1.2",
        "tslib": "^2.0.1"
      }
    },
    "@material/notched-outline": {
      "version": "9.0.0-canary.1c156d69d.0",
      "resolved": "https://registry.npmjs.org/@material/notched-outline/-/notched-outline-9.0.0-canary.1c156d69d.0.tgz",
      "integrity": "sha512-lyIFYE6V/LFGhMAbmmPNQGby5pqbf4JwSiVu0jlEtBy9P+H6x/0iDO9OjaR+YUSHUo4ht9UfuDSfrCHJ/3og0w==",
      "requires": {
        "@material/base": "9.0.0-canary.1c156d69d.0",
        "@material/feature-targeting": "9.0.0-canary.1c156d69d.0",
        "@material/floating-label": "9.0.0-canary.1c156d69d.0",
        "@material/rtl": "9.0.0-canary.1c156d69d.0",
        "@material/shape": "9.0.0-canary.1c156d69d.0",
        "@material/theme": "9.0.0-canary.1c156d69d.0",
        "tslib": "^1.9.3"
      },
      "dependencies": {
        "tslib": {
          "version": "1.14.1",
          "resolved": "https://registry.npmjs.org/tslib/-/tslib-1.14.1.tgz",
          "integrity": "sha512-Xni35NKzjgMrwevysHTCArtLDpPvye8zV/0E4EyYn43P7/7qvQwPh9BGkHewbMulVntbigmcT7rdX3BNo9wRJg=="
        }
      }
    },
    "@material/progress-indicator": {
      "version": "9.0.0-canary.1c156d69d.0",
      "resolved": "https://registry.npmjs.org/@material/progress-indicator/-/progress-indicator-9.0.0-canary.1c156d69d.0.tgz",
      "integrity": "sha512-56lYRqnUcI4L9a/LgfmzDTCKxxW1oOFqIVn3pMCP8hVGslhXY+yGl24qIp13MDW6FBgzx5rf66zB1rQltcSp/g==",
      "requires": {
        "tslib": "^1.9.3"
      },
      "dependencies": {
        "tslib": {
          "version": "1.14.1",
          "resolved": "https://registry.npmjs.org/tslib/-/tslib-1.14.1.tgz",
          "integrity": "sha512-Xni35NKzjgMrwevysHTCArtLDpPvye8zV/0E4EyYn43P7/7qvQwPh9BGkHewbMulVntbigmcT7rdX3BNo9wRJg=="
        }
      }
    },
    "@material/radio": {
      "version": "9.0.0-canary.1c156d69d.0",
      "resolved": "https://registry.npmjs.org/@material/radio/-/radio-9.0.0-canary.1c156d69d.0.tgz",
      "integrity": "sha512-i2pDFRhvk8bWp8BBJ0dyuGCqP17FlKSHzGqYQNI80dRPVYyLiexqIRfn0KGcW/sJtVC/P4GlyhE98g4mNYA/iQ==",
      "requires": {
        "@material/animation": "9.0.0-canary.1c156d69d.0",
        "@material/base": "9.0.0-canary.1c156d69d.0",
        "@material/density": "9.0.0-canary.1c156d69d.0",
        "@material/dom": "9.0.0-canary.1c156d69d.0",
        "@material/feature-targeting": "9.0.0-canary.1c156d69d.0",
        "@material/ripple": "9.0.0-canary.1c156d69d.0",
        "@material/theme": "9.0.0-canary.1c156d69d.0",
        "@material/touch-target": "9.0.0-canary.1c156d69d.0",
        "tslib": "^1.9.3"
      },
      "dependencies": {
        "tslib": {
          "version": "1.14.1",
          "resolved": "https://registry.npmjs.org/tslib/-/tslib-1.14.1.tgz",
          "integrity": "sha512-Xni35NKzjgMrwevysHTCArtLDpPvye8zV/0E4EyYn43P7/7qvQwPh9BGkHewbMulVntbigmcT7rdX3BNo9wRJg=="
        }
      }
    },
    "@material/ripple": {
      "version": "9.0.0-canary.1c156d69d.0",
      "resolved": "https://registry.npmjs.org/@material/ripple/-/ripple-9.0.0-canary.1c156d69d.0.tgz",
      "integrity": "sha512-F1e/LQmYHQFORM/C3hchmANnRwJCXlc7Cp7W+VGpvJdtdzYlTd8DKKcShuOozxUQOjutbNf+Ql8gpZIdYRQaoQ==",
      "requires": {
        "@material/animation": "9.0.0-canary.1c156d69d.0",
        "@material/base": "9.0.0-canary.1c156d69d.0",
        "@material/dom": "9.0.0-canary.1c156d69d.0",
        "@material/feature-targeting": "9.0.0-canary.1c156d69d.0",
        "@material/theme": "9.0.0-canary.1c156d69d.0",
        "tslib": "^1.9.3"
      },
      "dependencies": {
        "tslib": {
          "version": "1.14.1",
          "resolved": "https://registry.npmjs.org/tslib/-/tslib-1.14.1.tgz",
          "integrity": "sha512-Xni35NKzjgMrwevysHTCArtLDpPvye8zV/0E4EyYn43P7/7qvQwPh9BGkHewbMulVntbigmcT7rdX3BNo9wRJg=="
        }
      }
    },
    "@material/rtl": {
      "version": "9.0.0-canary.1c156d69d.0",
      "resolved": "https://registry.npmjs.org/@material/rtl/-/rtl-9.0.0-canary.1c156d69d.0.tgz",
      "integrity": "sha512-ICx0trLFna0M1Ina/1Nat9aSiB64o7VMs8wyCcidX//n7qFDOb0AtU9h2IB+lvX/UmPZVsDAoaL8iVm6RAqygg==",
      "requires": {
        "@material/theme": "9.0.0-canary.1c156d69d.0"
      }
    },
    "@material/shape": {
      "version": "9.0.0-canary.1c156d69d.0",
      "resolved": "https://registry.npmjs.org/@material/shape/-/shape-9.0.0-canary.1c156d69d.0.tgz",
      "integrity": "sha512-3NPm+LNFfY4xsiwy/jo+kY3WIFDwlVyJhq+eimjZ9vpG7STBPyzi1LpiPKvsrk0rmvsy3M0c1alM8E+BQ5+UAg==",
      "requires": {
        "@material/feature-targeting": "9.0.0-canary.1c156d69d.0",
        "@material/rtl": "9.0.0-canary.1c156d69d.0",
        "@material/theme": "9.0.0-canary.1c156d69d.0"
      }
    },
    "@material/textfield": {
      "version": "9.0.0-canary.1c156d69d.0",
      "resolved": "https://registry.npmjs.org/@material/textfield/-/textfield-9.0.0-canary.1c156d69d.0.tgz",
      "integrity": "sha512-pE6qL6j8d+hLLLRl6S2dwWWrvNdj69XUn5BTkImgGcQw9r74TU+b/JVz+WcRG6Ys2s2wdbZalntJbTa20zfzFw==",
      "requires": {
        "@material/animation": "9.0.0-canary.1c156d69d.0",
        "@material/base": "9.0.0-canary.1c156d69d.0",
        "@material/density": "9.0.0-canary.1c156d69d.0",
        "@material/dom": "9.0.0-canary.1c156d69d.0",
        "@material/feature-targeting": "9.0.0-canary.1c156d69d.0",
        "@material/floating-label": "9.0.0-canary.1c156d69d.0",
        "@material/line-ripple": "9.0.0-canary.1c156d69d.0",
        "@material/notched-outline": "9.0.0-canary.1c156d69d.0",
        "@material/ripple": "9.0.0-canary.1c156d69d.0",
        "@material/rtl": "9.0.0-canary.1c156d69d.0",
        "@material/shape": "9.0.0-canary.1c156d69d.0",
        "@material/theme": "9.0.0-canary.1c156d69d.0",
        "@material/typography": "9.0.0-canary.1c156d69d.0",
        "tslib": "^1.9.3"
      },
      "dependencies": {
        "tslib": {
          "version": "1.14.1",
          "resolved": "https://registry.npmjs.org/tslib/-/tslib-1.14.1.tgz",
          "integrity": "sha512-Xni35NKzjgMrwevysHTCArtLDpPvye8zV/0E4EyYn43P7/7qvQwPh9BGkHewbMulVntbigmcT7rdX3BNo9wRJg=="
        }
      }
    },
    "@material/theme": {
      "version": "9.0.0-canary.1c156d69d.0",
      "resolved": "https://registry.npmjs.org/@material/theme/-/theme-9.0.0-canary.1c156d69d.0.tgz",
      "integrity": "sha512-r1610TPwUplt4FHMk7cR06Oz1jU/G31wBIh4Frs/YIB0ZonVlI5cZdIkG0IFtNt9ZYWoDwfP/1nQBxdqrDPPhg==",
      "requires": {
        "@material/feature-targeting": "9.0.0-canary.1c156d69d.0"
      }
    },
    "@material/touch-target": {
      "version": "9.0.0-canary.1c156d69d.0",
      "resolved": "https://registry.npmjs.org/@material/touch-target/-/touch-target-9.0.0-canary.1c156d69d.0.tgz",
      "integrity": "sha512-AFymS9cb152a2hEwTc80dVKA0ccNCyMAQNpvB6fEopPMLjO4Hrsu4fIHVyZF5xnz3k/iG59Y6vreHQdHKFGyUw==",
      "requires": {
        "@material/base": "9.0.0-canary.1c156d69d.0",
        "@material/feature-targeting": "9.0.0-canary.1c156d69d.0"
      }
    },
    "@material/typography": {
      "version": "9.0.0-canary.1c156d69d.0",
      "resolved": "https://registry.npmjs.org/@material/typography/-/typography-9.0.0-canary.1c156d69d.0.tgz",
      "integrity": "sha512-+JgMe2fIP+lVh4l5qXfjH9/JWd+LnfDEiVr2clWHgAc3pc2LQm6VVgUbNkrX3yeWql0x7I/inGfQovza8BeYAw==",
      "requires": {
        "@material/feature-targeting": "9.0.0-canary.1c156d69d.0",
        "@material/theme": "9.0.0-canary.1c156d69d.0"
      }
    },
    "@reduxjs/toolkit": {
      "version": "1.5.0",
      "resolved": "https://registry.npmjs.org/@reduxjs/toolkit/-/toolkit-1.5.0.tgz",
      "integrity": "sha512-E/FUraRx+8guw9Hlg/Ja8jI/hwCrmIKed8Annt9YsZw3BQp+F24t5I5b2OWR6pkEHY4hn1BgP08FrTZFRKsdaQ==",
      "requires": {
        "immer": "^8.0.0",
        "redux": "^4.0.0",
        "redux-thunk": "^2.3.0",
        "reselect": "^4.0.0"
      }
    },
    "@stencil/core": {
      "version": "2.4.0",
      "resolved": "https://registry.npmjs.org/@stencil/core/-/core-2.4.0.tgz",
      "integrity": "sha512-gU6+Yyd6O0KrCSS/O6j8KKqmRo+/Dcs2fI0+APCpbAWK+nqhwDISpdnSEfGDCLMoAC08XOZCycBRk2K1VGnEcg=="
    },
    "@stencil/redux": {
      "version": "0.2.0",
      "resolved": "https://registry.npmjs.org/@stencil/redux/-/redux-0.2.0.tgz",
      "integrity": "sha512-isikSfMNFBMYVPFzhvlwDkEdjKJQrcbZgPGN84UXIoCYwQee5OQ2k22hF40GCLkjP5oG/lR36jdQIf9JU3mG/g=="
    },
    "@types/node": {
      "version": "14.14.22",
      "resolved": "https://registry.npmjs.org/@types/node/-/node-14.14.22.tgz",
      "integrity": "sha512-g+f/qj/cNcqKkc3tFqlXOYjrmZA+jNBiDzbP3kH+B+otKFqAdPgVTGP1IeKRdMml/aE69as5S4FqtxAbl+LaMw=="
    },
    "@types/redux-logger": {
      "version": "3.0.8",
      "resolved": "https://registry.npmjs.org/@types/redux-logger/-/redux-logger-3.0.8.tgz",
      "integrity": "sha512-zM+cxiSw6nZtRbxpVp9SE3x/X77Z7e7YAfHD1NkxJyJbAGSXJGF0E9aqajZfPOa/sTYnuwutmlCldveExuCeLw==",
      "requires": {
        "redux": "^4.0.0"
      }
    },
    "autobind-decorator": {
      "version": "2.4.0",
      "resolved": "https://registry.npmjs.org/autobind-decorator/-/autobind-decorator-2.4.0.tgz",
      "integrity": "sha512-OGYhWUO72V6DafbF8PM8rm3EPbfuyMZcJhtm5/n26IDwO18pohE4eNazLoCGhPiXOCD0gEGmrbU3849QvM8bbw=="
    },
    "blocking-elements": {
      "version": "0.1.1",
      "resolved": "https://registry.npmjs.org/blocking-elements/-/blocking-elements-0.1.1.tgz",
      "integrity": "sha512-/SLWbEzMoVIMZACCyhD/4Ya2M1PWP1qMKuiymowPcI+PdWDARqeARBjhj73kbUBCxEmTZCUu5TAqxtwUO9C1Ig=="
    },
    "deep-diff": {
      "version": "0.3.8",
      "resolved": "https://registry.npmjs.org/deep-diff/-/deep-diff-0.3.8.tgz",
      "integrity": "sha1-wB3mPvsO7JeYgB1Ax+Da4ltYLIQ="
    },
    "immer": {
      "version": "8.0.1",
      "resolved": "https://registry.npmjs.org/immer/-/immer-8.0.1.tgz",
      "integrity": "sha512-aqXhGP7//Gui2+UrEtvxZxSquQVXTpZ7KDxfCcKAF3Vysvw0CViVaW9RZ1j1xlIYqaaaipBoqdqeibkc18PNvA=="
    },
    "inversify": {
      "version": "5.0.5",
      "resolved": "https://registry.npmjs.org/inversify/-/inversify-5.0.5.tgz",
      "integrity": "sha512-60QsfPz8NAU/GZqXu8hJ+BhNf/C/c+Hp0eDc6XMIJTxBiP36AQyyQKpBkOVTLWBFDQWYVHpbbEuIsHu9dLuJDA=="
    },
    "inversify-inject-decorators": {
      "version": "3.1.0",
      "resolved": "https://registry.npmjs.org/inversify-inject-decorators/-/inversify-inject-decorators-3.1.0.tgz",
      "integrity": "sha512-/seBlVp5bXrLQS3DpKEmlgeZL6C7Tf/QITd+IMQrbBBGuCbxb7k3hRAWu9XSreNpFzLgSboz3sClLSEmGwHphw=="
    },
    "js-tokens": {
      "version": "4.0.0",
      "resolved": "https://registry.npmjs.org/js-tokens/-/js-tokens-4.0.0.tgz",
      "integrity": "sha512-RdJUflcE3cUzKiMqQgsCu06FPu9UdIJO0beYbPhHN4k6apgJtifcoCtT9bcxOpYBtpD2kCM6Sbzg4CausW/PKQ=="
    },
    "lit-element": {
      "version": "2.4.0",
      "resolved": "https://registry.npmjs.org/lit-element/-/lit-element-2.4.0.tgz",
      "integrity": "sha512-pBGLglxyhq/Prk2H91nA0KByq/hx/wssJBQFiYqXhGDvEnY31PRGYf1RglVzyLeRysu0IHm2K0P196uLLWmwFg==",
      "requires": {
        "lit-html": "^1.1.1"
      }
    },
    "lit-html": {
      "version": "1.3.0",
      "resolved": "https://registry.npmjs.org/lit-html/-/lit-html-1.3.0.tgz",
      "integrity": "sha512-0Q1bwmaFH9O14vycPHw8C/IeHMk/uSDldVLIefu/kfbTBGIc44KGH6A8p1bDfxUfHdc8q6Ct7kQklWoHgr4t1Q=="
    },
    "loose-envify": {
      "version": "1.4.0",
      "resolved": "https://registry.npmjs.org/loose-envify/-/loose-envify-1.4.0.tgz",
      "integrity": "sha512-lyuxPGr/Wfhrlem2CL/UcnUc1zcqKAImBDzukY7Y5F/yQiNdko6+fRLevlw1HgMySw7f611UIY408EtxRSoK3Q==",
      "requires": {
        "js-tokens": "^3.0.0 || ^4.0.0"
      }
    },
    "redux": {
      "version": "4.0.5",
      "resolved": "https://registry.npmjs.org/redux/-/redux-4.0.5.tgz",
      "integrity": "sha512-VSz1uMAH24DM6MF72vcojpYPtrTUu3ByVWfPL1nPfVRb5mZVTve5GnNCUV53QM/BZ66xfWrm0CTWoM+Xlz8V1w==",
      "requires": {
        "loose-envify": "^1.4.0",
        "symbol-observable": "^1.2.0"
      }
    },
    "redux-logger": {
      "version": "3.0.6",
      "resolved": "https://registry.npmjs.org/redux-logger/-/redux-logger-3.0.6.tgz",
      "integrity": "sha1-91VZZvMJjzyIYExEnPC69XeCdL8=",
      "requires": {
        "deep-diff": "^0.3.5"
      }
    },
    "redux-thunk": {
      "version": "2.3.0",
      "resolved": "https://registry.npmjs.org/redux-thunk/-/redux-thunk-2.3.0.tgz",
      "integrity": "sha512-km6dclyFnmcvxhAcrQV2AkZmPQjzPDjgVlQtR0EQjxZPyJ0BnMf3in1ryuR8A2qU0HldVRfxYXbFSKlI3N7Slw=="
    },
    "reflect-metadata": {
      "version": "0.1.13",
      "resolved": "https://registry.npmjs.org/reflect-metadata/-/reflect-metadata-0.1.13.tgz",
      "integrity": "sha512-Ts1Y/anZELhSsjMcU605fU9RE4Oi3p5ORujwbIKXfWa+0Zxs510Qrmrce5/Jowq3cHSZSJqBjypxmHarc+vEWg=="
    },
    "reselect": {
      "version": "4.0.0",
      "resolved": "https://registry.npmjs.org/reselect/-/reselect-4.0.0.tgz",
      "integrity": "sha512-qUgANli03jjAyGlnbYVAV5vvnOmJnODyABz51RdBN7M4WaVu8mecZWgyQNkG8Yqe3KRGRt0l4K4B3XVEULC4CA=="
    },
    "symbol-observable": {
      "version": "1.2.0",
      "resolved": "https://registry.npmjs.org/symbol-observable/-/symbol-observable-1.2.0.tgz",
      "integrity": "sha512-e900nM8RRtGhlV36KGEU9k65K3mPb1WV70OdjfxlG2EAuM1noi/E/BaW/uMhL7bPEssK8QV57vN3esixjUvcXQ=="
    },
    "tslib": {
      "version": "2.1.0",
      "resolved": "https://registry.npmjs.org/tslib/-/tslib-2.1.0.tgz",
      "integrity": "sha512-hcVC3wYEziELGGmEEXue7D75zbwIIVUMWAVbHItGPx0ziyXxrOMQx4rQEVEV45Ut/1IotuEvwqPopzIOkDMf0A=="
    },
    "wicg-inert": {
      "version": "3.1.0",
      "resolved": "https://registry.npmjs.org/wicg-inert/-/wicg-inert-3.1.0.tgz",
      "integrity": "sha512-P0ZiWaN9SxOkJbYtF/PIwmIRO8UTqTJtyl33QTQlHfAb6h15T0Dp5m7WTJ8N6UWIoj+KU5M0a8EtfRZLlHiP0Q=="
    }
  }
}
